
Microsoft Visual Studio Solution File, Format Version 12.00
# Visual Studio 15
VisualStudioVersion = 15.0.26430.14
MinimumVisualStudioVersion = 10.0.40219.1
Project("{FAE04EC0-301F-11D3-BF4B-00C04F79EFBC}") = "Client", "Socket\Client.csproj", "{BD8274CA-746E-4C18-AD26-7936410779BE}"
EndProject
Project("{FAE04EC0-301F-11D3-BF4B-00C04F79EFBC}") = "Server", "Server\Server.csproj", "{7D000079-B98F-4124-9CFD-3917520281A0}"
EndProject
Global
	GlobalSection(SolutionConfigurationPlatforms) = preSolution
		Debug|Any CPU = Debug|Any CPU
		Release|Any CPU = Release|Any CPU
	EndGlobalSection
	GlobalSection(ProjectConfigurationPlatforms) = postSolution
		{BD8274CA-746E-4C18-AD26-7936410779BE}.Debug|Any CPU.ActiveCfg = Debug|Any CPU
		{BD8274CA-746E-4C18-AD26-7936410779BE}.Debug|Any CPU.Build.0 = Debug|Any CPU
		{BD8274CA-746E-4C18-AD26-7936410779BE}.Release|Any CPU.ActiveCfg = Release|Any CPU
		{BD8274CA-746E-4C18-AD26-7936410779BE}.Release|Any CPU.Build.0 = Release|Any CPU
		{7D000079-B98F-4124-9CFD-3917520281A0}.Debug|Any CPU.ActiveCfg = Debug|Any CPU
		{7D000079-B98F-4124-9CFD-3917520281A0}.Debug|Any CPU.Build.0 = Debug|Any CPU
		{7D000079-B98F-4124-9CFD-3917520281A0}.Release|Any CPU.ActiveCfg = Release|Any CPU
		{7D000079-B98F-4124-9CFD-3917520281A0}.Release|Any CPU.Build.0 = Release|Any CPU
	EndGlobalSection
	GlobalSection(SolutionProperties) = preSolution
		HideSolutionNode = FALSE
	EndGlobalSection
EndGlobal
